
Microsoft Visual Studio Solution File, Format Version 12.00
# Visual Studio Version 17
VisualStudioVersion = 17.9.34728.123
MinimumVisualStudioVersion = 10.0.40219.1
Project("{FAE04EC0-301F-11D3-BF4B-00C04F79EFBC}") = "Consolas_and_Telim", "Consolas_and_Telim.csproj", "{CD338443-B9BD-4C8D-AB1D-2434C874DB4B}"
EndProject
Global
	GlobalSection(SolutionConfigurationPlatforms) = preSolution
		Debug|Any CPU = Debug|Any CPU
		Release|Any CPU = Release|Any CPU
	EndGlobalSection
	GlobalSection(ProjectConfigurationPlatforms) = postSolution
		{CD338443-B9BD-4C8D-AB1D-2434C874DB4B}.Debug|Any CPU.ActiveCfg = Debug|Any CPU
		{CD338443-B9BD-4C8D-AB1D-2434C874DB4B}.Debug|Any CPU.Build.0 = Debug|Any CPU
		{CD338443-B9BD-4C8D-AB1D-2434C874DB4B}.Release|Any CPU.ActiveCfg = Release|Any CPU
		{CD338443-B9BD-4C8D-AB1D-2434C874DB4B}.Release|Any CPU.Build.0 = Release|Any CPU
	EndGlobalSection
	GlobalSection(SolutionProperties) = preSolution
		HideSolutionNode = FALSE
	EndGlobalSection
	GlobalSection(ExtensibilityGlobals) = postSolution
		SolutionGuid = {41FDBD27-7D1C-42E0-8AB0-8B766DFE064B}
	EndGlobalSection
EndGlobal
