
Microsoft Visual Studio Solution File, Format Version 12.00
# Visual Studio Version 17
VisualStudioVersion = 17.9.34728.123
MinimumVisualStudioVersion = 10.0.40219.1
Project("{FAE04EC0-301F-11D3-BF4B-00C04F79EFBC}") = "Level4_The Thing Namer 3000", "Level4_The Thing Namer 3000.csproj", "{85AA237D-B415-44C5-965C-99458A9F0FC7}"
EndProject
Global
	GlobalSection(SolutionConfigurationPlatforms) = preSolution
		Debug|Any CPU = Debug|Any CPU
		Release|Any CPU = Release|Any CPU
	EndGlobalSection
	GlobalSection(ProjectConfigurationPlatforms) = postSolution
		{85AA237D-B415-44C5-965C-99458A9F0FC7}.Debug|Any CPU.ActiveCfg = Debug|Any CPU
		{85AA237D-B415-44C5-965C-99458A9F0FC7}.Debug|Any CPU.Build.0 = Debug|Any CPU
		{85AA237D-B415-44C5-965C-99458A9F0FC7}.Release|Any CPU.ActiveCfg = Release|Any CPU
		{85AA237D-B415-44C5-965C-99458A9F0FC7}.Release|Any CPU.Build.0 = Release|Any CPU
	EndGlobalSection
	GlobalSection(SolutionProperties) = preSolution
		HideSolutionNode = FALSE
	EndGlobalSection
	GlobalSection(ExtensibilityGlobals) = postSolution
		SolutionGuid = {3675919B-02DB-4CA3-BBA6-4A9EE3B755C5}
	EndGlobalSection
EndGlobal
